
Microsoft Visual Studio Solution File, Format Version 12.00
# Visual Studio Version 16
VisualStudioVersion = 16.0.30413.136
MinimumVisualStudioVersion = 10.0.40219.1
Project("{FAE04EC0-301F-11D3-BF4B-00C04F79EFBC}") = "Api1", "Api1\Api1.csproj", "{A72C275D-B209-43B0-8A4F-ECA3C325FCF0}"
EndProject
Global
	GlobalSection(SolutionConfigurationPlatforms) = preSolution
		Debug|Any CPU = Debug|Any CPU
		Release|Any CPU = Release|Any CPU
	EndGlobalSection
	GlobalSection(ProjectConfigurationPlatforms) = postSolution
		{A72C275D-B209-43B0-8A4F-ECA3C325FCF0}.Debug|Any CPU.ActiveCfg = Debug|Any CPU
		{A72C275D-B209-43B0-8A4F-ECA3C325FCF0}.Debug|Any CPU.Build.0 = Debug|Any CPU
		{A72C275D-B209-43B0-8A4F-ECA3C325FCF0}.Release|Any CPU.ActiveCfg = Release|Any CPU
		{A72C275D-B209-43B0-8A4F-ECA3C325FCF0}.Release|Any CPU.Build.0 = Release|Any CPU
	EndGlobalSection
	GlobalSection(SolutionProperties) = preSolution
		HideSolutionNode = FALSE
	EndGlobalSection
	GlobalSection(ExtensibilityGlobals) = postSolution
		SolutionGuid = {4FC0E1A0-C2C9-4C1F-A986-7A6A8F4E66B2}
	EndGlobalSection
EndGlobal
